// !$*UTF8*$!
{
	archiveVersion = 1;
	classes = {
	};
	objectVersion = 50;
	objects = {

/* Begin PBXBuildFile section */
		F5165E4620C8DC2F00474E53 /* KipalogAPITests.swift in Sources */ = {isa = PBXBuildFile; fileRef = F5165E4520C8DC2F00474E53 /* KipalogAPITests.swift */; };
		F5165E4820C8DC2F00474E53 /* KipalogAPI.framework in Frameworks */ = {isa = PBXBuildFile; fileRef = F5165E2E20C8D45A00474E53 /* KipalogAPI.framework */; };
		F5165E5620C8FE2100474E53 /* HotPostListSuccess.json in Resources */ = {isa = PBXBuildFile; fileRef = F5165E5520C8FE2100474E53 /* HotPostListSuccess.json */; };
		F5165E5820C8FE7200474E53 /* NewestPostListSuccess.json in Resources */ = {isa = PBXBuildFile; fileRef = F5165E5720C8FE7200474E53 /* NewestPostListSuccess.json */; };
		F5165E5A20C8FEA400474E53 /* PostListByTagSuccess.json in Resources */ = {isa = PBXBuildFile; fileRef = F5165E5920C8FEA400474E53 /* PostListByTagSuccess.json */; };
		F5165E5C20C8FF3800474E53 /* KLTestRequester.swift in Sources */ = {isa = PBXBuildFile; fileRef = F5165E5B20C8FF3800474E53 /* KLTestRequester.swift */; };
		F5502CF220CA35B00009C65F /* KLAPIRequester.swift in Sources */ = {isa = PBXBuildFile; fileRef = F5502CED20CA35B00009C65F /* KLAPIRequester.swift */; };
		F5502CF320CA35B00009C65F /* KLError.swift in Sources */ = {isa = PBXBuildFile; fileRef = F5502CEE20CA35B00009C65F /* KLError.swift */; };
		F5502CF420CA35B00009C65F /* KipalogAPI.swift in Sources */ = {isa = PBXBuildFile; fileRef = F5502CEF20CA35B00009C65F /* KipalogAPI.swift */; };
		F5502CF520CA35B00009C65F /* KLModels.swift in Sources */ = {isa = PBXBuildFile; fileRef = F5502CF020CA35B00009C65F /* KLModels.swift */; };
		F5502CF620CA35B00009C65F /* KLResult.swift in Sources */ = {isa = PBXBuildFile; fileRef = F5502CF120CA35B00009C65F /* KLResult.swift */; };
		F56A5E4720C90BE50011F766 /* KLTestUtility.swift in Sources */ = {isa = PBXBuildFile; fileRef = F56A5E4620C90BE50011F766 /* KLTestUtility.swift */; };
/* End PBXBuildFile section */

/* Begin PBXContainerItemProxy section */
		F5165E4920C8DC2F00474E53 /* PBXContainerItemProxy */ = {
			isa = PBXContainerItemProxy;
			containerPortal = F5165E2520C8D45A00474E53 /* Project object */;
			proxyType = 1;
			remoteGlobalIDString = F5165E2D20C8D45A00474E53;
			remoteInfo = KipalogAPI;
		};
/* End PBXContainerItemProxy section */

/* Begin PBXFileReference section */
		F5165E2E20C8D45A00474E53 /* KipalogAPI.framework */ = {isa = PBXFileReference; explicitFileType = wrapper.framework; includeInIndex = 0; path = KipalogAPI.framework; sourceTree = BUILT_PRODUCTS_DIR; };
		F5165E4320C8DC2F00474E53 /* KipalogAPITests.xctest */ = {isa = PBXFileReference; explicitFileType = wrapper.cfbundle; includeInIndex = 0; path = KipalogAPITests.xctest; sourceTree = BUILT_PRODUCTS_DIR; };
		F5165E4520C8DC2F00474E53 /* KipalogAPITests.swift */ = {isa = PBXFileReference; lastKnownFileType = sourcecode.swift; path = KipalogAPITests.swift; sourceTree = "<group>"; };
		F5165E4720C8DC2F00474E53 /* Info.plist */ = {isa = PBXFileReference; lastKnownFileType = text.plist.xml; path = Info.plist; sourceTree = "<group>"; };
		F5165E5520C8FE2100474E53 /* HotPostListSuccess.json */ = {isa = PBXFileReference; lastKnownFileType = text.json; path = HotPostListSuccess.json; sourceTree = "<group>"; };
		F5165E5720C8FE7200474E53 /* NewestPostListSuccess.json */ = {isa = PBXFileReference; lastKnownFileType = text.json; path = NewestPostListSuccess.json; sourceTree = "<group>"; };
		F5165E5920C8FEA400474E53 /* PostListByTagSuccess.json */ = {isa = PBXFileReference; lastKnownFileType = text.json; path = PostListByTagSuccess.json; sourceTree = "<group>"; };
		F5165E5B20C8FF3800474E53 /* KLTestRequester.swift */ = {isa = PBXFileReference; lastKnownFileType = sourcecode.swift; path = KLTestRequester.swift; sourceTree = "<group>"; };
		F5502CED20CA35B00009C65F /* KLAPIRequester.swift */ = {isa = PBXFileReference; fileEncoding = 4; lastKnownFileType = sourcecode.swift; name = KLAPIRequester.swift; path = Source/KLAPIRequester.swift; sourceTree = SOURCE_ROOT; };
		F5502CEE20CA35B00009C65F /* KLError.swift */ = {isa = PBXFileReference; fileEncoding = 4; lastKnownFileType = sourcecode.swift; name = KLError.swift; path = Source/KLError.swift; sourceTree = SOURCE_ROOT; };
		F5502CEF20CA35B00009C65F /* KipalogAPI.swift */ = {isa = PBXFileReference; fileEncoding = 4; lastKnownFileType = sourcecode.swift; name = KipalogAPI.swift; path = Source/KipalogAPI.swift; sourceTree = SOURCE_ROOT; };
		F5502CF020CA35B00009C65F /* KLModels.swift */ = {isa = PBXFileReference; fileEncoding = 4; lastKnownFileType = sourcecode.swift; name = KLModels.swift; path = Source/KLModels.swift; sourceTree = SOURCE_ROOT; };
		F5502CF120CA35B00009C65F /* KLResult.swift */ = {isa = PBXFileReference; fileEncoding = 4; lastKnownFileType = sourcecode.swift; name = KLResult.swift; path = Source/KLResult.swift; sourceTree = SOURCE_ROOT; };
		F56A5E4620C90BE50011F766 /* KLTestUtility.swift */ = {isa = PBXFileReference; lastKnownFileType = sourcecode.swift; path = KLTestUtility.swift; sourceTree = "<group>"; };
/* End PBXFileReference section */

/* Begin PBXFrameworksBuildPhase section */
		F5165E2A20C8D45A00474E53 /* Frameworks */ = {
			isa = PBXFrameworksBuildPhase;
			buildActionMask = 2147483647;
			files = (
			);
			runOnlyForDeploymentPostprocessing = 0;
		};
		F5165E4020C8DC2F00474E53 /* Frameworks */ = {
			isa = PBXFrameworksBuildPhase;
			buildActionMask = 2147483647;
			files = (
				F5165E4820C8DC2F00474E53 /* KipalogAPI.framework in Frameworks */,
			);
			runOnlyForDeploymentPostprocessing = 0;
		};
/* End PBXFrameworksBuildPhase section */

/* Begin PBXGroup section */
		F5165E2420C8D45A00474E53 = {
			isa = PBXGroup;
			children = (
				F5165E3020C8D45A00474E53 /* KipalogAPI */,
				F5165E4420C8DC2F00474E53 /* KipalogAPITests */,
				F5165E2F20C8D45A00474E53 /* Products */,
			);
			sourceTree = "<group>";
		};
		F5165E2F20C8D45A00474E53 /* Products */ = {
			isa = PBXGroup;
			children = (
				F5165E2E20C8D45A00474E53 /* KipalogAPI.framework */,
				F5165E4320C8DC2F00474E53 /* KipalogAPITests.xctest */,
			);
			name = Products;
			sourceTree = "<group>";
		};
		F5165E3020C8D45A00474E53 /* KipalogAPI */ = {
			isa = PBXGroup;
			children = (
				F5502CEF20CA35B00009C65F /* KipalogAPI.swift */,
				F5502CED20CA35B00009C65F /* KLAPIRequester.swift */,
				F5502CEE20CA35B00009C65F /* KLError.swift */,
				F5502CF020CA35B00009C65F /* KLModels.swift */,
				F5502CF120CA35B00009C65F /* KLResult.swift */,
			);
			path = KipalogAPI;
			sourceTree = "<group>";
		};
		F5165E4420C8DC2F00474E53 /* KipalogAPITests */ = {
			isa = PBXGroup;
			children = (
				F5165E5420C8FE0000474E53 /* TestData */,
				F5165E4520C8DC2F00474E53 /* KipalogAPITests.swift */,
				F5165E5B20C8FF3800474E53 /* KLTestRequester.swift */,
				F56A5E4620C90BE50011F766 /* KLTestUtility.swift */,
				F5165E4720C8DC2F00474E53 /* Info.plist */,
			);
			path = KipalogAPITests;
			sourceTree = "<group>";
		};
		F5165E5420C8FE0000474E53 /* TestData */ = {
			isa = PBXGroup;
			children = (
				F5165E5520C8FE2100474E53 /* HotPostListSuccess.json */,
				F5165E5720C8FE7200474E53 /* NewestPostListSuccess.json */,
				F5165E5920C8FEA400474E53 /* PostListByTagSuccess.json */,
			);
			path = TestData;
			sourceTree = "<group>";
		};
/* End PBXGroup section */

/* Begin PBXHeadersBuildPhase section */
		F5165E2B20C8D45A00474E53 /* Headers */ = {
			isa = PBXHeadersBuildPhase;
			buildActionMask = 2147483647;
			files = (
			);
			runOnlyForDeploymentPostprocessing = 0;
		};
/* End PBXHeadersBuildPhase section */

/* Begin PBXNativeTarget section */
		F5165E2D20C8D45A00474E53 /* KipalogAPI */ = {
			isa = PBXNativeTarget;
			buildConfigurationList = F5165E3620C8D45A00474E53 /* Build configuration list for PBXNativeTarget "KipalogAPI" */;
			buildPhases = (
				F5165E2920C8D45A00474E53 /* Sources */,
				F5165E2A20C8D45A00474E53 /* Frameworks */,
				F5165E2B20C8D45A00474E53 /* Headers */,
				F5165E2C20C8D45A00474E53 /* Resources */,
			);
			buildRules = (
			);
			dependencies = (
			);
			name = KipalogAPI;
			productName = KipalogAPI;
			productReference = F5165E2E20C8D45A00474E53 /* KipalogAPI.framework */;
			productType = "com.apple.product-type.framework";
		};
		F5165E4220C8DC2F00474E53 /* KipalogAPITests */ = {
			isa = PBXNativeTarget;
			buildConfigurationList = F5165E4B20C8DC2F00474E53 /* Build configuration list for PBXNativeTarget "KipalogAPITests" */;
			buildPhases = (
				F5165E3F20C8DC2F00474E53 /* Sources */,
				F5165E4020C8DC2F00474E53 /* Frameworks */,
				F5165E4120C8DC2F00474E53 /* Resources */,
			);
			buildRules = (
			);
			dependencies = (
				F5165E4A20C8DC2F00474E53 /* PBXTargetDependency */,
			);
			name = KipalogAPITests;
			productName = KipalogAPITests;
			productReference = F5165E4320C8DC2F00474E53 /* KipalogAPITests.xctest */;
			productType = "com.apple.product-type.bundle.unit-test";
		};
/* End PBXNativeTarget section */

/* Begin PBXProject section */
		F5165E2520C8D45A00474E53 /* Project object */ = {
			isa = PBXProject;
			attributes = {
				LastSwiftUpdateCheck = 0940;
				LastUpgradeCheck = 0940;
				ORGANIZATIONNAME = "Nam Doan";
				TargetAttributes = {
					F5165E2D20C8D45A00474E53 = {
						CreatedOnToolsVersion = 9.4;
						LastSwiftMigration = 0940;
					};
					F5165E4220C8DC2F00474E53 = {
						CreatedOnToolsVersion = 9.4;
					};
				};
			};
			buildConfigurationList = F5165E2820C8D45A00474E53 /* Build configuration list for PBXProject "KipalogAPI" */;
			compatibilityVersion = "Xcode 9.3";
			developmentRegion = en;
			hasScannedForEncodings = 0;
			knownRegions = (
				en,
			);
			mainGroup = F5165E2420C8D45A00474E53;
			productRefGroup = F5165E2F20C8D45A00474E53 /* Products */;
			projectDirPath = "";
			projectRoot = "";
			targets = (
				F5165E2D20C8D45A00474E53 /* KipalogAPI */,
				F5165E4220C8DC2F00474E53 /* KipalogAPITests */,
			);
		};
/* End PBXProject section */

/* Begin PBXResourcesBuildPhase section */
		F5165E2C20C8D45A00474E53 /* Resources */ = {
			isa = PBXResourcesBuildPhase;
			buildActionMask = 2147483647;
			files = (
			);
			runOnlyForDeploymentPostprocessing = 0;
		};
		F5165E4120C8DC2F00474E53 /* Resources */ = {
			isa = PBXResourcesBuildPhase;
			buildActionMask = 2147483647;
			files = (
				F5165E5620C8FE2100474E53 /* HotPostListSuccess.json in Resources */,
				F5165E5A20C8FEA400474E53 /* PostListByTagSuccess.json in Resources */,
				F5165E5820C8FE7200474E53 /* NewestPostListSuccess.json in Resources */,
			);
			runOnlyForDeploymentPostprocessing = 0;
		};
/* End PBXResourcesBuildPhase section */

/* Begin PBXSourcesBuildPhase section */
		F5165E2920C8D45A00474E53 /* Sources */ = {
			isa = PBXSourcesBuildPhase;
			buildActionMask = 2147483647;
			files = (
				F5502CF520CA35B00009C65F /* KLModels.swift in Sources */,
				F5502CF320CA35B00009C65F /* KLError.swift in Sources */,
				F5502CF420CA35B00009C65F /* KipalogAPI.swift in Sources */,
				F5502CF620CA35B00009C65F /* KLResult.swift in Sources */,
				F5502CF220CA35B00009C65F /* KLAPIRequester.swift in Sources */,
			);
			runOnlyForDeploymentPostprocessing = 0;
		};
		F5165E3F20C8DC2F00474E53 /* Sources */ = {
			isa = PBXSourcesBuildPhase;
			buildActionMask = 2147483647;
			files = (
				F5165E4620C8DC2F00474E53 /* KipalogAPITests.swift in Sources */,
				F5165E5C20C8FF3800474E53 /* KLTestRequester.swift in Sources */,
				F56A5E4720C90BE50011F766 /* KLTestUtility.swift in Sources */,
			);
			runOnlyForDeploymentPostprocessing = 0;
		};
/* End PBXSourcesBuildPhase section */

/* Begin PBXTargetDependency section */
		F5165E4A20C8DC2F00474E53 /* PBXTargetDependency */ = {
			isa = PBXTargetDependency;
			target = F5165E2D20C8D45A00474E53 /* KipalogAPI */;
			targetProxy = F5165E4920C8DC2F00474E53 /* PBXContainerItemProxy */;
		};
/* End PBXTargetDependency section */

/* Begin XCBuildConfiguration section */
		F5165E3420C8D45A00474E53 /* Debug */ = {
			isa = XCBuildConfiguration;
			buildSettings = {
				ALWAYS_SEARCH_USER_PATHS = NO;
				CLANG_ANALYZER_NONNULL = YES;
				CLANG_ANALYZER_NUMBER_OBJECT_CONVERSION = YES_AGGRESSIVE;
				CLANG_CXX_LANGUAGE_STANDARD = "gnu++14";
				CLANG_CXX_LIBRARY = "libc++";
				CLANG_ENABLE_MODULES = YES;
				CLANG_ENABLE_OBJC_ARC = YES;
				CLANG_ENABLE_OBJC_WEAK = YES;
				CLANG_WARN_BLOCK_CAPTURE_AUTORELEASING = YES;
				CLANG_WARN_BOOL_CONVERSION = YES;
				CLANG_WARN_COMMA = YES;
				CLANG_WARN_CONSTANT_CONVERSION = YES;
				CLANG_WARN_DEPRECATED_OBJC_IMPLEMENTATIONS = YES;
				CLANG_WARN_DIRECT_OBJC_ISA_USAGE = YES_ERROR;
				CLANG_WARN_DOCUMENTATION_COMMENTS = YES;
				CLANG_WARN_EMPTY_BODY = YES;
				CLANG_WARN_ENUM_CONVERSION = YES;
				CLANG_WARN_INFINITE_RECURSION = YES;
				CLANG_WARN_INT_CONVERSION = YES;
				CLANG_WARN_NON_LITERAL_NULL_CONVERSION = YES;
				CLANG_WARN_OBJC_IMPLICIT_RETAIN_SELF = YES;
				CLANG_WARN_OBJC_LITERAL_CONVERSION = YES;
				CLANG_WARN_OBJC_ROOT_CLASS = YES_ERROR;
				CLANG_WARN_RANGE_LOOP_ANALYSIS = YES;
				CLANG_WARN_STRICT_PROTOTYPES = YES;
				CLANG_WARN_SUSPICIOUS_MOVE = YES;
				CLANG_WARN_UNGUARDED_AVAILABILITY = YES_AGGRESSIVE;
				CLANG_WARN_UNREACHABLE_CODE = YES;
				CLANG_WARN__DUPLICATE_METHOD_MATCH = YES;
				CODE_SIGN_IDENTITY = "iPhone Developer";
				COPY_PHASE_STRIP = NO;
				CURRENT_PROJECT_VERSION = 1;
				DEBUG_INFORMATION_FORMAT = dwarf;
				ENABLE_STRICT_OBJC_MSGSEND = YES;
				ENABLE_TESTABILITY = YES;
				GCC_C_LANGUAGE_STANDARD = gnu11;
				GCC_DYNAMIC_NO_PIC = NO;
				GCC_NO_COMMON_BLOCKS = YES;
				GCC_OPTIMIZATION_LEVEL = 0;
				GCC_PREPROCESSOR_DEFINITIONS = (
					"DEBUG=1",
					"$(inherited)",
				);
				GCC_WARN_64_TO_32_BIT_CONVERSION = YES;
				GCC_WARN_ABOUT_RETURN_TYPE = YES_ERROR;
				GCC_WARN_UNDECLARED_SELECTOR = YES;
				GCC_WARN_UNINITIALIZED_AUTOS = YES_AGGRESSIVE;
				GCC_WARN_UNUSED_FUNCTION = YES;
				GCC_WARN_UNUSED_VARIABLE = YES;
				IPHONEOS_DEPLOYMENT_TARGET = 9.0;
				MTL_ENABLE_DEBUG_INFO = YES;
				ONLY_ACTIVE_ARCH = YES;
				SDKROOT = iphoneos;
				SWIFT_ACTIVE_COMPILATION_CONDITIONS = DEBUG;
				SWIFT_OPTIMIZATION_LEVEL = "-Onone";
				VERSIONING_SYSTEM = "apple-generic";
				VERSION_INFO_PREFIX = "";
			};
			name = Debug;
		};
		F5165E3520C8D45A00474E53 /* Release */ = {
			isa = XCBuildConfiguration;
			buildSettings = {
				ALWAYS_SEARCH_USER_PATHS = NO;
				CLANG_ANALYZER_NONNULL = YES;
				CLANG_ANALYZER_NUMBER_OBJECT_CONVERSION = YES_AGGRESSIVE;
				CLANG_CXX_LANGUAGE_STANDARD = "gnu++14";
				CLANG_CXX_LIBRARY = "libc++";
				CLANG_ENABLE_MODULES = YES;
				CLANG_ENABLE_OBJC_ARC = YES;
				CLANG_ENABLE_OBJC_WEAK = YES;
				CLANG_WARN_BLOCK_CAPTURE_AUTORELEASING = YES;
				CLANG_WARN_BOOL_CONVERSION = YES;
				CLANG_WARN_COMMA = YES;
				CLANG_WARN_CONSTANT_CONVERSION = YES;
				CLANG_WARN_DEPRECATED_OBJC_IMPLEMENTATIONS = YES;
				CLANG_WARN_DIRECT_OBJC_ISA_USAGE = YES_ERROR;
				CLANG_WARN_DOCUMENTATION_COMMENTS = YES;
				CLANG_WARN_EMPTY_BODY = YES;
				CLANG_WARN_ENUM_CONVERSION = YES;
				CLANG_WARN_INFINITE_RECURSION = YES;
				CLANG_WARN_INT_CONVERSION = YES;
				CLANG_WARN_NON_LITERAL_NULL_CONVERSION = YES;
				CLANG_WARN_OBJC_IMPLICIT_RETAIN_SELF = YES;
				CLANG_WARN_OBJC_LITERAL_CONVERSION = YES;
				CLANG_WARN_OBJC_ROOT_CLASS = YES_ERROR;
				CLANG_WARN_RANGE_LOOP_ANALYSIS = YES;
				CLANG_WARN_STRICT_PROTOTYPES = YES;
				CLANG_WARN_SUSPICIOUS_MOVE = YES;
				CLANG_WARN_UNGUARDED_AVAILABILITY = YES_AGGRESSIVE;
				CLANG_WARN_UNREACHABLE_CODE = YES;
				CLANG_WARN__DUPLICATE_METHOD_MATCH = YES;
				CODE_SIGN_IDENTITY = "iPhone Developer";
				COPY_PHASE_STRIP = NO;
				CURRENT_PROJECT_VERSION = 1;
				DEBUG_INFORMATION_FORMAT = "dwarf-with-dsym";
				ENABLE_NS_ASSERTIONS = NO;
				ENABLE_STRICT_OBJC_MSGSEND = YES;
				GCC_C_LANGUAGE_STANDARD = gnu11;
				GCC_NO_COMMON_BLOCKS = YES;
				GCC_WARN_64_TO_32_BIT_CONVERSION = YES;
				GCC_WARN_ABOUT_RETURN_TYPE = YES_ERROR;
				GCC_WARN_UNDECLARED_SELECTOR = YES;
				GCC_WARN_UNINITIALIZED_AUTOS = YES_AGGRESSIVE;
				GCC_WARN_UNUSED_FUNCTION = YES;
				GCC_WARN_UNUSED_VARIABLE = YES;
				IPHONEOS_DEPLOYMENT_TARGET = 9.0;
				MTL_ENABLE_DEBUG_INFO = NO;
				SDKROOT = iphoneos;
				SWIFT_COMPILATION_MODE = wholemodule;
				SWIFT_OPTIMIZATION_LEVEL = "-O";
				VALIDATE_PRODUCT = YES;
				VERSIONING_SYSTEM = "apple-generic";
				VERSION_INFO_PREFIX = "";
			};
			name = Release;
		};
		F5165E3720C8D45A00474E53 /* Debug */ = {
			isa = XCBuildConfiguration;
			buildSettings = {
				CLANG_ENABLE_MODULES = YES;
				CODE_SIGN_IDENTITY = "";
				CODE_SIGN_STYLE = Manual;
				DEFINES_MODULE = YES;
				DEVELOPMENT_TEAM = "";
				DYLIB_COMPATIBILITY_VERSION = 1;
				DYLIB_CURRENT_VERSION = 1;
				DYLIB_INSTALL_NAME_BASE = "@rpath";
				INSTALL_PATH = "$(LOCAL_LIBRARY_DIR)/Frameworks";
				LD_RUNPATH_SEARCH_PATHS = (
					"$(inherited)",
					"@executable_path/Frameworks",
					"@loader_path/Frameworks",
				);
				PRODUCT_BUNDLE_IDENTIFIER = com.kipalog.api;
				PRODUCT_NAME = "$(TARGET_NAME:c99extidentifier)";
				PROVISIONING_PROFILE_SPECIFIER = "";
				SKIP_INSTALL = YES;
				SWIFT_OPTIMIZATION_LEVEL = "-Onone";
				SWIFT_VERSION = 4.0;
				TARGETED_DEVICE_FAMILY = "1,2";
			};
			name = Debug;
		};
		F5165E3820C8D45A00474E53 /* Release */ = {
			isa = XCBuildConfiguration;
			buildSettings = {
				CLANG_ENABLE_MODULES = YES;
				CODE_SIGN_IDENTITY = "";
				CODE_SIGN_STYLE = Manual;
				DEFINES_MODULE = YES;
				DEVELOPMENT_TEAM = "";
				DYLIB_COMPATIBILITY_VERSION = 1;
				DYLIB_CURRENT_VERSION = 1;
				DYLIB_INSTALL_NAME_BASE = "@rpath";
				INSTALL_PATH = "$(LOCAL_LIBRARY_DIR)/Frameworks";
				LD_RUNPATH_SEARCH_PATHS = (
					"$(inherited)",
					"@executable_path/Frameworks",
					"@loader_path/Frameworks",
				);
				PRODUCT_BUNDLE_IDENTIFIER = com.kipalog.api;
				PRODUCT_NAME = "$(TARGET_NAME:c99extidentifier)";
				PROVISIONING_PROFILE_SPECIFIER = "";
				SKIP_INSTALL = YES;
				SWIFT_VERSION = 4.0;
				TARGETED_DEVICE_FAMILY = "1,2";
			};
			name = Release;
		};
		F5165E4C20C8DC2F00474E53 /* Debug */ = {
			isa = XCBuildConfiguration;
			buildSettings = {
				CODE_SIGN_STYLE = Manual;
				DEVELOPMENT_TEAM = "";
				INFOPLIST_FILE = KipalogAPITests/Info.plist;
				LD_RUNPATH_SEARCH_PATHS = (
					"$(inherited)",
					"@executable_path/Frameworks",
					"@loader_path/Frameworks",
				);
				PRODUCT_BUNDLE_IDENTIFIER = com.kipalog.api.KipalogAPITests;
				PRODUCT_NAME = "$(TARGET_NAME)";
				PROVISIONING_PROFILE_SPECIFIER = "";
				SWIFT_VERSION = 4.0;
				TARGETED_DEVICE_FAMILY = "1,2";
			};
			name = Debug;
		};
		F5165E4D20C8DC2F00474E53 /* Release */ = {
			isa = XCBuildConfiguration;
			buildSettings = {
				CODE_SIGN_STYLE = Manual;
				DEVELOPMENT_TEAM = "";
				INFOPLIST_FILE = KipalogAPITests/Info.plist;
				LD_RUNPATH_SEARCH_PATHS = (
					"$(inherited)",
					"@executable_path/Frameworks",
					"@loader_path/Frameworks",
				);
				PRODUCT_BUNDLE_IDENTIFIER = com.kipalog.api.KipalogAPITests;
				PRODUCT_NAME = "$(TARGET_NAME)";
				PROVISIONING_PROFILE_SPECIFIER = "";
				SWIFT_VERSION = 4.0;
				TARGETED_DEVICE_FAMILY = "1,2";
			};
			name = Release;
		};
/* End XCBuildConfiguration section */

/* Begin XCConfigurationList section */
		F5165E2820C8D45A00474E53 /* Build configuration list for PBXProject "KipalogAPI" */ = {
			isa = XCConfigurationList;
			buildConfigurations = (
				F5165E3420C8D45A00474E53 /* Debug */,
				F5165E3520C8D45A00474E53 /* Release */,
			);
			defaultConfigurationIsVisible = 0;
			defaultConfigurationName = Release;
		};
		F5165E3620C8D45A00474E53 /* Build configuration list for PBXNativeTarget "KipalogAPI" */ = {
			isa = XCConfigurationList;
			buildConfigurations = (
				F5165E3720C8D45A00474E53 /* Debug */,
				F5165E3820C8D45A00474E53 /* Release */,
			);
			defaultConfigurationIsVisible = 0;
			defaultConfigurationName = Release;
		};
		F5165E4B20C8DC2F00474E53 /* Build configuration list for PBXNativeTarget "KipalogAPITests" */ = {
			isa = XCConfigurationList;
			buildConfigurations = (
				F5165E4C20C8DC2F00474E53 /* Debug */,
				F5165E4D20C8DC2F00474E53 /* Release */,
			);
			defaultConfigurationIsVisible = 0;
			defaultConfigurationName = Release;
		};
/* End XCConfigurationList section */
	};
	rootObject = F5165E2520C8D45A00474E53 /* Project object */;
}
