// !$*UTF8*$!
{
	archiveVersion = 1;
	classes = {
	};
	objectVersion = 46;
	objects = {

/* Begin PBXAggregateTarget section */
		"KipalogAPI::KipalogAPIPackageTests::ProductTarget" /* KipalogAPIPackageTests */ = {
			isa = PBXAggregateTarget;
			buildConfigurationList = OBJ_32 /* Build configuration list for PBXAggregateTarget "KipalogAPIPackageTests" */;
			buildPhases = (
			);
			dependencies = (
				OBJ_35 /* PBXTargetDependency */,
			);
			name = KipalogAPIPackageTests;
			productName = KipalogAPIPackageTests;
		};
/* End PBXAggregateTarget section */

/* Begin PBXBuildFile section */
		3D10F7A120D4D4C600A88B95 /* KLResult.swift in Sources */ = {isa = PBXBuildFile; fileRef = 3D10F79C20D4D4C600A88B95 /* KLResult.swift */; };
		3D10F7A220D4D4C600A88B95 /* KLError.swift in Sources */ = {isa = PBXBuildFile; fileRef = 3D10F79D20D4D4C600A88B95 /* KLError.swift */; };
		3D10F7A320D4D4C600A88B95 /* KipalogAPI.swift in Sources */ = {isa = PBXBuildFile; fileRef = 3D10F79E20D4D4C600A88B95 /* KipalogAPI.swift */; };
		3D10F7A420D4D4C600A88B95 /* KLAPIRequester.swift in Sources */ = {isa = PBXBuildFile; fileRef = 3D10F79F20D4D4C600A88B95 /* KLAPIRequester.swift */; };
		3D10F7A520D4D4C600A88B95 /* KLModels.swift in Sources */ = {isa = PBXBuildFile; fileRef = 3D10F7A020D4D4C600A88B95 /* KLModels.swift */; };
		3D10F7AC20D4D53800A88B95 /* KLTestRequester.swift in Sources */ = {isa = PBXBuildFile; fileRef = 3D10F7A620D4D53700A88B95 /* KLTestRequester.swift */; };
		3D10F7AD20D4D53800A88B95 /* KLTestUtility.swift in Sources */ = {isa = PBXBuildFile; fileRef = 3D10F7A720D4D53800A88B95 /* KLTestUtility.swift */; };
		OBJ_30 /* Package.swift in Sources */ = {isa = PBXBuildFile; fileRef = OBJ_6 /* Package.swift */; };
		OBJ_41 /* KipalogAPITests.swift in Sources */ = {isa = PBXBuildFile; fileRef = OBJ_12 /* KipalogAPITests.swift */; };
		OBJ_42 /* XCTestManifests.swift in Sources */ = {isa = PBXBuildFile; fileRef = OBJ_13 /* XCTestManifests.swift */; };
		OBJ_44 /* KipalogAPI.framework in Frameworks */ = {isa = PBXBuildFile; fileRef = "KipalogAPI::KipalogAPI::Product" /* KipalogAPI.framework */; };
/* End PBXBuildFile section */

/* Begin PBXContainerItemProxy section */
		3D10F79920D4D48B00A88B95 /* PBXContainerItemProxy */ = {
			isa = PBXContainerItemProxy;
			containerPortal = OBJ_1 /* Project object */;
			proxyType = 1;
			remoteGlobalIDString = "KipalogAPI::KipalogAPI";
			remoteInfo = KipalogAPI;
		};
		3D10F79A20D4D48B00A88B95 /* PBXContainerItemProxy */ = {
			isa = PBXContainerItemProxy;
			containerPortal = OBJ_1 /* Project object */;
			proxyType = 1;
			remoteGlobalIDString = "KipalogAPI::KipalogAPITests";
			remoteInfo = KipalogAPITests;
		};
/* End PBXContainerItemProxy section */

/* Begin PBXFileReference section */
		3D10F79C20D4D4C600A88B95 /* KLResult.swift */ = {isa = PBXFileReference; fileEncoding = 4; lastKnownFileType = sourcecode.swift; path = KLResult.swift; sourceTree = "<group>"; };
		3D10F79D20D4D4C600A88B95 /* KLError.swift */ = {isa = PBXFileReference; fileEncoding = 4; lastKnownFileType = sourcecode.swift; path = KLError.swift; sourceTree = "<group>"; };
		3D10F79E20D4D4C600A88B95 /* KipalogAPI.swift */ = {isa = PBXFileReference; fileEncoding = 4; lastKnownFileType = sourcecode.swift; path = KipalogAPI.swift; sourceTree = "<group>"; };
		3D10F79F20D4D4C600A88B95 /* KLAPIRequester.swift */ = {isa = PBXFileReference; fileEncoding = 4; lastKnownFileType = sourcecode.swift; path = KLAPIRequester.swift; sourceTree = "<group>"; };
		3D10F7A020D4D4C600A88B95 /* KLModels.swift */ = {isa = PBXFileReference; fileEncoding = 4; lastKnownFileType = sourcecode.swift; path = KLModels.swift; sourceTree = "<group>"; };
		3D10F7A620D4D53700A88B95 /* KLTestRequester.swift */ = {isa = PBXFileReference; fileEncoding = 4; lastKnownFileType = sourcecode.swift; path = KLTestRequester.swift; sourceTree = "<group>"; };
		3D10F7A720D4D53800A88B95 /* KLTestUtility.swift */ = {isa = PBXFileReference; fileEncoding = 4; lastKnownFileType = sourcecode.swift; path = KLTestUtility.swift; sourceTree = "<group>"; };
		3D10F7B020D4D60800A88B95 /* PostListByTagSuccess.json */ = {isa = PBXFileReference; fileEncoding = 4; lastKnownFileType = text.json; path = PostListByTagSuccess.json; sourceTree = "<group>"; };
		3D10F7B120D4D60800A88B95 /* NewestPostListSuccess.json */ = {isa = PBXFileReference; fileEncoding = 4; lastKnownFileType = text.json; path = NewestPostListSuccess.json; sourceTree = "<group>"; };
		3D10F7B220D4D60800A88B95 /* HotPostListSuccess.json */ = {isa = PBXFileReference; fileEncoding = 4; lastKnownFileType = text.json; path = HotPostListSuccess.json; sourceTree = "<group>"; };
		"KipalogAPI::KipalogAPI::Product" /* KipalogAPI.framework */ = {isa = PBXFileReference; explicitFileType = wrapper.framework; path = KipalogAPI.framework; sourceTree = BUILT_PRODUCTS_DIR; };
		"KipalogAPI::KipalogAPITests::Product" /* KipalogAPITests.xctest */ = {isa = PBXFileReference; lastKnownFileType = file; path = KipalogAPITests.xctest; sourceTree = BUILT_PRODUCTS_DIR; };
		OBJ_12 /* KipalogAPITests.swift */ = {isa = PBXFileReference; lastKnownFileType = sourcecode.swift; path = KipalogAPITests.swift; sourceTree = "<group>"; };
		OBJ_13 /* XCTestManifests.swift */ = {isa = PBXFileReference; lastKnownFileType = sourcecode.swift; path = XCTestManifests.swift; sourceTree = "<group>"; };
		OBJ_6 /* Package.swift */ = {isa = PBXFileReference; explicitFileType = sourcecode.swift; path = Package.swift; sourceTree = "<group>"; };
/* End PBXFileReference section */

/* Begin PBXFrameworksBuildPhase section */
		OBJ_24 /* Frameworks */ = {
			isa = PBXFrameworksBuildPhase;
			buildActionMask = 0;
			files = (
			);
			runOnlyForDeploymentPostprocessing = 0;
		};
		OBJ_43 /* Frameworks */ = {
			isa = PBXFrameworksBuildPhase;
			buildActionMask = 0;
			files = (
				OBJ_44 /* KipalogAPI.framework in Frameworks */,
			);
			runOnlyForDeploymentPostprocessing = 0;
		};
/* End PBXFrameworksBuildPhase section */

/* Begin PBXGroup section */
		3D10F79B20D4D4C600A88B95 /* KipalogAPI */ = {
			isa = PBXGroup;
			children = (
				3D10F79E20D4D4C600A88B95 /* KipalogAPI.swift */,
				3D10F79C20D4D4C600A88B95 /* KLResult.swift */,
				3D10F79D20D4D4C600A88B95 /* KLError.swift */,
				3D10F79F20D4D4C600A88B95 /* KLAPIRequester.swift */,
				3D10F7A020D4D4C600A88B95 /* KLModels.swift */,
			);
			name = KipalogAPI;
			path = Sources/KipalogAPI;
			sourceTree = "<group>";
		};
		3D10F7AF20D4D60800A88B95 /* TestData */ = {
			isa = PBXGroup;
			children = (
				3D10F7B020D4D60800A88B95 /* PostListByTagSuccess.json */,
				3D10F7B120D4D60800A88B95 /* NewestPostListSuccess.json */,
				3D10F7B220D4D60800A88B95 /* HotPostListSuccess.json */,
			);
			path = TestData;
			sourceTree = "<group>";
		};
		OBJ_10 /* Tests */ = {
			isa = PBXGroup;
			children = (
				OBJ_11 /* KipalogAPITests */,
			);
			name = Tests;
			sourceTree = SOURCE_ROOT;
		};
		OBJ_11 /* KipalogAPITests */ = {
			isa = PBXGroup;
			children = (
				3D10F7AF20D4D60800A88B95 /* TestData */,
				3D10F7A620D4D53700A88B95 /* KLTestRequester.swift */,
				3D10F7A720D4D53800A88B95 /* KLTestUtility.swift */,
				OBJ_12 /* KipalogAPITests.swift */,
				OBJ_13 /* XCTestManifests.swift */,
			);
			name = KipalogAPITests;
			path = Tests/KipalogAPITests;
			sourceTree = SOURCE_ROOT;
		};
		OBJ_15 /* Products */ = {
			isa = PBXGroup;
			children = (
				"KipalogAPI::KipalogAPITests::Product" /* KipalogAPITests.xctest */,
				"KipalogAPI::KipalogAPI::Product" /* KipalogAPI.framework */,
			);
			name = Products;
			sourceTree = BUILT_PRODUCTS_DIR;
		};
		OBJ_5 /*  */ = {
			isa = PBXGroup;
			children = (
				OBJ_6 /* Package.swift */,
				OBJ_7 /* Sources */,
				OBJ_10 /* Tests */,
				OBJ_15 /* Products */,
			);
			name = "";
			sourceTree = "<group>";
		};
		OBJ_7 /* Sources */ = {
			isa = PBXGroup;
			children = (
				3D10F79B20D4D4C600A88B95 /* KipalogAPI */,
			);
			name = Sources;
			sourceTree = SOURCE_ROOT;
		};
/* End PBXGroup section */

/* Begin PBXNativeTarget section */
		"KipalogAPI::KipalogAPI" /* KipalogAPI */ = {
			isa = PBXNativeTarget;
			buildConfigurationList = OBJ_19 /* Build configuration list for PBXNativeTarget "KipalogAPI" */;
			buildPhases = (
				OBJ_22 /* Sources */,
				OBJ_24 /* Frameworks */,
			);
			buildRules = (
			);
			dependencies = (
			);
			name = KipalogAPI;
			productName = KipalogAPI;
			productReference = "KipalogAPI::KipalogAPI::Product" /* KipalogAPI.framework */;
			productType = "com.apple.product-type.framework";
		};
		"KipalogAPI::KipalogAPITests" /* KipalogAPITests */ = {
			isa = PBXNativeTarget;
			buildConfigurationList = OBJ_37 /* Build configuration list for PBXNativeTarget "KipalogAPITests" */;
			buildPhases = (
				OBJ_40 /* Sources */,
				OBJ_43 /* Frameworks */,
			);
			buildRules = (
			);
			dependencies = (
				OBJ_45 /* PBXTargetDependency */,
			);
			name = KipalogAPITests;
			productName = KipalogAPITests;
			productReference = "KipalogAPI::KipalogAPITests::Product" /* KipalogAPITests.xctest */;
			productType = "com.apple.product-type.bundle.unit-test";
		};
		"KipalogAPI::SwiftPMPackageDescription" /* KipalogAPIPackageDescription */ = {
			isa = PBXNativeTarget;
			buildConfigurationList = OBJ_26 /* Build configuration list for PBXNativeTarget "KipalogAPIPackageDescription" */;
			buildPhases = (
				OBJ_29 /* Sources */,
			);
			buildRules = (
			);
			dependencies = (
			);
			name = KipalogAPIPackageDescription;
			productName = KipalogAPIPackageDescription;
			productType = "com.apple.product-type.framework";
		};
/* End PBXNativeTarget section */

/* Begin PBXProject section */
		OBJ_1 /* Project object */ = {
			isa = PBXProject;
			attributes = {
				LastUpgradeCheck = 9999;
			};
			buildConfigurationList = OBJ_2 /* Build configuration list for PBXProject "KipalogAPI" */;
			compatibilityVersion = "Xcode 3.2";
			developmentRegion = English;
			hasScannedForEncodings = 0;
			knownRegions = (
				en,
			);
			mainGroup = OBJ_5 /*  */;
			productRefGroup = OBJ_15 /* Products */;
			projectDirPath = "";
			projectRoot = "";
			targets = (
				"KipalogAPI::KipalogAPI" /* KipalogAPI */,
				"KipalogAPI::SwiftPMPackageDescription" /* KipalogAPIPackageDescription */,
				"KipalogAPI::KipalogAPIPackageTests::ProductTarget" /* KipalogAPIPackageTests */,
				"KipalogAPI::KipalogAPITests" /* KipalogAPITests */,
			);
		};
/* End PBXProject section */

/* Begin PBXSourcesBuildPhase section */
		OBJ_22 /* Sources */ = {
			isa = PBXSourcesBuildPhase;
			buildActionMask = 0;
			files = (
				3D10F7A320D4D4C600A88B95 /* KipalogAPI.swift in Sources */,
				3D10F7A220D4D4C600A88B95 /* KLError.swift in Sources */,
				3D10F7AD20D4D53800A88B95 /* KLTestUtility.swift in Sources */,
				3D10F7A420D4D4C600A88B95 /* KLAPIRequester.swift in Sources */,
				3D10F7A520D4D4C600A88B95 /* KLModels.swift in Sources */,
				3D10F7A120D4D4C600A88B95 /* KLResult.swift in Sources */,
				3D10F7AC20D4D53800A88B95 /* KLTestRequester.swift in Sources */,
			);
			runOnlyForDeploymentPostprocessing = 0;
		};
		OBJ_29 /* Sources */ = {
			isa = PBXSourcesBuildPhase;
			buildActionMask = 0;
			files = (
				OBJ_30 /* Package.swift in Sources */,
			);
			runOnlyForDeploymentPostprocessing = 0;
		};
		OBJ_40 /* Sources */ = {
			isa = PBXSourcesBuildPhase;
			buildActionMask = 0;
			files = (
				OBJ_41 /* KipalogAPITests.swift in Sources */,
				OBJ_42 /* XCTestManifests.swift in Sources */,
			);
			runOnlyForDeploymentPostprocessing = 0;
		};
/* End PBXSourcesBuildPhase section */

/* Begin PBXTargetDependency section */
		OBJ_35 /* PBXTargetDependency */ = {
			isa = PBXTargetDependency;
			target = "KipalogAPI::KipalogAPITests" /* KipalogAPITests */;
			targetProxy = 3D10F79A20D4D48B00A88B95 /* PBXContainerItemProxy */;
		};
		OBJ_45 /* PBXTargetDependency */ = {
			isa = PBXTargetDependency;
			target = "KipalogAPI::KipalogAPI" /* KipalogAPI */;
			targetProxy = 3D10F79920D4D48B00A88B95 /* PBXContainerItemProxy */;
		};
/* End PBXTargetDependency section */

/* Begin XCBuildConfiguration section */
		OBJ_20 /* Debug */ = {
			isa = XCBuildConfiguration;
			buildSettings = {
				ENABLE_TESTABILITY = YES;
				FRAMEWORK_SEARCH_PATHS = (
					"$(inherited)",
					"$(PLATFORM_DIR)/Developer/Library/Frameworks",
				);
				HEADER_SEARCH_PATHS = "$(inherited)";
				INFOPLIST_FILE = KipalogAPI.xcodeproj/KipalogAPI_Info.plist;
				LD_RUNPATH_SEARCH_PATHS = "$(inherited) $(TOOLCHAIN_DIR)/usr/lib/swift/macosx";
				OTHER_CFLAGS = "$(inherited)";
				OTHER_LDFLAGS = "$(inherited)";
				OTHER_SWIFT_FLAGS = "$(inherited)";
				PRODUCT_BUNDLE_IDENTIFIER = KipalogAPI;
				PRODUCT_MODULE_NAME = "$(TARGET_NAME:c99extidentifier)";
				PRODUCT_NAME = "$(TARGET_NAME:c99extidentifier)";
				SKIP_INSTALL = YES;
				SWIFT_VERSION = 4.0;
				TARGET_NAME = KipalogAPI;
			};
			name = Debug;
		};
		OBJ_21 /* Release */ = {
			isa = XCBuildConfiguration;
			buildSettings = {
				ENABLE_TESTABILITY = YES;
				FRAMEWORK_SEARCH_PATHS = (
					"$(inherited)",
					"$(PLATFORM_DIR)/Developer/Library/Frameworks",
				);
				HEADER_SEARCH_PATHS = "$(inherited)";
				INFOPLIST_FILE = KipalogAPI.xcodeproj/KipalogAPI_Info.plist;
				LD_RUNPATH_SEARCH_PATHS = "$(inherited) $(TOOLCHAIN_DIR)/usr/lib/swift/macosx";
				OTHER_CFLAGS = "$(inherited)";
				OTHER_LDFLAGS = "$(inherited)";
				OTHER_SWIFT_FLAGS = "$(inherited)";
				PRODUCT_BUNDLE_IDENTIFIER = KipalogAPI;
				PRODUCT_MODULE_NAME = "$(TARGET_NAME:c99extidentifier)";
				PRODUCT_NAME = "$(TARGET_NAME:c99extidentifier)";
				SKIP_INSTALL = YES;
				SWIFT_VERSION = 4.0;
				TARGET_NAME = KipalogAPI;
			};
			name = Release;
		};
		OBJ_27 /* Debug */ = {
			isa = XCBuildConfiguration;
			buildSettings = {
				LD = /usr/bin/true;
				OTHER_SWIFT_FLAGS = "-swift-version 4 -I $(TOOLCHAIN_DIR)/usr/lib/swift/pm/4 -target x86_64-apple-macosx10.10 -sdk /Applications/Xcode.app/Contents/Developer/Platforms/MacOSX.platform/Developer/SDKs/MacOSX10.13.sdk";
				SWIFT_VERSION = 4.0;
			};
			name = Debug;
		};
		OBJ_28 /* Release */ = {
			isa = XCBuildConfiguration;
			buildSettings = {
				LD = /usr/bin/true;
				OTHER_SWIFT_FLAGS = "-swift-version 4 -I $(TOOLCHAIN_DIR)/usr/lib/swift/pm/4 -target x86_64-apple-macosx10.10 -sdk /Applications/Xcode.app/Contents/Developer/Platforms/MacOSX.platform/Developer/SDKs/MacOSX10.13.sdk";
				SWIFT_VERSION = 4.0;
			};
			name = Release;
		};
		OBJ_3 /* Debug */ = {
			isa = XCBuildConfiguration;
			buildSettings = {
				CLANG_ENABLE_OBJC_ARC = YES;
				COMBINE_HIDPI_IMAGES = YES;
				COPY_PHASE_STRIP = NO;
				DEBUG_INFORMATION_FORMAT = dwarf;
				DYLIB_INSTALL_NAME_BASE = "@rpath";
				ENABLE_NS_ASSERTIONS = YES;
				GCC_OPTIMIZATION_LEVEL = 0;
				MACOSX_DEPLOYMENT_TARGET = 10.10;
				ONLY_ACTIVE_ARCH = YES;
				OTHER_SWIFT_FLAGS = "-DXcode";
				PRODUCT_NAME = "$(TARGET_NAME)";
				SDKROOT = macosx;
				SUPPORTED_PLATFORMS = "macosx iphoneos iphonesimulator appletvos appletvsimulator watchos watchsimulator";
				SWIFT_ACTIVE_COMPILATION_CONDITIONS = SWIFT_PACKAGE;
				SWIFT_OPTIMIZATION_LEVEL = "-Onone";
				USE_HEADERMAP = NO;
			};
			name = Debug;
		};
		OBJ_33 /* Debug */ = {
			isa = XCBuildConfiguration;
			buildSettings = {
			};
			name = Debug;
		};
		OBJ_34 /* Release */ = {
			isa = XCBuildConfiguration;
			buildSettings = {
			};
			name = Release;
		};
		OBJ_38 /* Debug */ = {
			isa = XCBuildConfiguration;
			buildSettings = {
				EMBEDDED_CONTENT_CONTAINS_SWIFT = YES;
				FRAMEWORK_SEARCH_PATHS = (
					"$(inherited)",
					"$(PLATFORM_DIR)/Developer/Library/Frameworks",
				);
				HEADER_SEARCH_PATHS = "$(inherited)";
				INFOPLIST_FILE = KipalogAPI.xcodeproj/KipalogAPITests_Info.plist;
				LD_RUNPATH_SEARCH_PATHS = "$(inherited) @loader_path/../Frameworks @loader_path/Frameworks";
				OTHER_CFLAGS = "$(inherited)";
				OTHER_LDFLAGS = "$(inherited)";
				OTHER_SWIFT_FLAGS = "$(inherited)";
				SWIFT_VERSION = 4.0;
				TARGET_NAME = KipalogAPITests;
			};
			name = Debug;
		};
		OBJ_39 /* Release */ = {
			isa = XCBuildConfiguration;
			buildSettings = {
				EMBEDDED_CONTENT_CONTAINS_SWIFT = YES;
				FRAMEWORK_SEARCH_PATHS = (
					"$(inherited)",
					"$(PLATFORM_DIR)/Developer/Library/Frameworks",
				);
				HEADER_SEARCH_PATHS = "$(inherited)";
				INFOPLIST_FILE = KipalogAPI.xcodeproj/KipalogAPITests_Info.plist;
				LD_RUNPATH_SEARCH_PATHS = "$(inherited) @loader_path/../Frameworks @loader_path/Frameworks";
				OTHER_CFLAGS = "$(inherited)";
				OTHER_LDFLAGS = "$(inherited)";
				OTHER_SWIFT_FLAGS = "$(inherited)";
				SWIFT_VERSION = 4.0;
				TARGET_NAME = KipalogAPITests;
			};
			name = Release;
		};
		OBJ_4 /* Release */ = {
			isa = XCBuildConfiguration;
			buildSettings = {
				CLANG_ENABLE_OBJC_ARC = YES;
				COMBINE_HIDPI_IMAGES = YES;
				COPY_PHASE_STRIP = YES;
				DEBUG_INFORMATION_FORMAT = "dwarf-with-dsym";
				DYLIB_INSTALL_NAME_BASE = "@rpath";
				GCC_OPTIMIZATION_LEVEL = s;
				MACOSX_DEPLOYMENT_TARGET = 10.10;
				OTHER_SWIFT_FLAGS = "-DXcode";
				PRODUCT_NAME = "$(TARGET_NAME)";
				SDKROOT = macosx;
				SUPPORTED_PLATFORMS = "macosx iphoneos iphonesimulator appletvos appletvsimulator watchos watchsimulator";
				SWIFT_ACTIVE_COMPILATION_CONDITIONS = SWIFT_PACKAGE;
				SWIFT_OPTIMIZATION_LEVEL = "-Owholemodule";
				USE_HEADERMAP = NO;
			};
			name = Release;
		};
/* End XCBuildConfiguration section */

/* Begin XCConfigurationList section */
		OBJ_19 /* Build configuration list for PBXNativeTarget "KipalogAPI" */ = {
			isa = XCConfigurationList;
			buildConfigurations = (
				OBJ_20 /* Debug */,
				OBJ_21 /* Release */,
			);
			defaultConfigurationIsVisible = 0;
			defaultConfigurationName = Release;
		};
		OBJ_2 /* Build configuration list for PBXProject "KipalogAPI" */ = {
			isa = XCConfigurationList;
			buildConfigurations = (
				OBJ_3 /* Debug */,
				OBJ_4 /* Release */,
			);
			defaultConfigurationIsVisible = 0;
			defaultConfigurationName = Release;
		};
		OBJ_26 /* Build configuration list for PBXNativeTarget "KipalogAPIPackageDescription" */ = {
			isa = XCConfigurationList;
			buildConfigurations = (
				OBJ_27 /* Debug */,
				OBJ_28 /* Release */,
			);
			defaultConfigurationIsVisible = 0;
			defaultConfigurationName = Release;
		};
		OBJ_32 /* Build configuration list for PBXAggregateTarget "KipalogAPIPackageTests" */ = {
			isa = XCConfigurationList;
			buildConfigurations = (
				OBJ_33 /* Debug */,
				OBJ_34 /* Release */,
			);
			defaultConfigurationIsVisible = 0;
			defaultConfigurationName = Release;
		};
		OBJ_37 /* Build configuration list for PBXNativeTarget "KipalogAPITests" */ = {
			isa = XCConfigurationList;
			buildConfigurations = (
				OBJ_38 /* Debug */,
				OBJ_39 /* Release */,
			);
			defaultConfigurationIsVisible = 0;
			defaultConfigurationName = Release;
		};
/* End XCConfigurationList section */
	};
	rootObject = OBJ_1 /* Project object */;
}
